
Microsoft Visual Studio Solution File, Format Version 10.00
# Visual Studio 2008
Project("{D183A3D8-5FD8-494B-B014-37F57B35E655}") = "IJM_Consolidation", "IJM_Consolidation\IJM_Consolidation.dtproj", "{389E15C2-BAEC-4545-B7B8-B67C71434218}"
EndProject
Global
	GlobalSection(SolutionConfigurationPlatforms) = preSolution
		Development|Default = Development|Default
	EndGlobalSection
	GlobalSection(ProjectConfigurationPlatforms) = postSolution
		{389E15C2-BAEC-4545-B7B8-B67C71434218}.Development|Default.ActiveCfg = Development
		{389E15C2-BAEC-4545-B7B8-B67C71434218}.Development|Default.Build.0 = Development
	EndGlobalSection
	GlobalSection(SolutionProperties) = preSolution
		HideSolutionNode = FALSE
	EndGlobalSection
EndGlobal
